
Microsoft Visual Studio Solution File, Format Version 12.00
# Visual Studio Version 16
VisualStudioVersion = 16.0.29306.81
MinimumVisualStudioVersion = 10.0.40219.1
Project("{FAE04EC0-301F-11D3-BF4B-00C04F79EFBC}") = "individual_lab5", "individual_lab5\individual_lab5.csproj", "{1585A926-BF74-44E5-97FA-674D733CA958}"
EndProject
Global
	GlobalSection(SolutionConfigurationPlatforms) = preSolution
		Debug|Any CPU = Debug|Any CPU
		Release|Any CPU = Release|Any CPU
	EndGlobalSection
	GlobalSection(ProjectConfigurationPlatforms) = postSolution
		{1585A926-BF74-44E5-97FA-674D733CA958}.Debug|Any CPU.ActiveCfg = Debug|Any CPU
		{1585A926-BF74-44E5-97FA-674D733CA958}.Debug|Any CPU.Build.0 = Debug|Any CPU
		{1585A926-BF74-44E5-97FA-674D733CA958}.Release|Any CPU.ActiveCfg = Release|Any CPU
		{1585A926-BF74-44E5-97FA-674D733CA958}.Release|Any CPU.Build.0 = Release|Any CPU
	EndGlobalSection
	GlobalSection(SolutionProperties) = preSolution
		HideSolutionNode = FALSE
	EndGlobalSection
	GlobalSection(ExtensibilityGlobals) = postSolution
		SolutionGuid = {2EDD0DA8-5F2D-4AB6-BF76-5BAE4F81E212}
	EndGlobalSection
EndGlobal
